
Microsoft Visual Studio Solution File, Format Version 12.00
# Visual Studio Version 17
VisualStudioVersion = 17.7.34031.279
MinimumVisualStudioVersion = 10.0.40219.1
Project("{FAE04EC0-301F-11D3-BF4B-00C04F79EFBC}") = "middlewareDemo", "middlewareDemo.csproj", "{127DFF6C-B8E4-4B5C-849F-5AA2926312D4}"
EndProject
Global
	GlobalSection(SolutionConfigurationPlatforms) = preSolution
		Debug|Any CPU = Debug|Any CPU
		Release|Any CPU = Release|Any CPU
	EndGlobalSection
	GlobalSection(ProjectConfigurationPlatforms) = postSolution
		{127DFF6C-B8E4-4B5C-849F-5AA2926312D4}.Debug|Any CPU.ActiveCfg = Debug|Any CPU
		{127DFF6C-B8E4-4B5C-849F-5AA2926312D4}.Debug|Any CPU.Build.0 = Debug|Any CPU
		{127DFF6C-B8E4-4B5C-849F-5AA2926312D4}.Release|Any CPU.ActiveCfg = Release|Any CPU
		{127DFF6C-B8E4-4B5C-849F-5AA2926312D4}.Release|Any CPU.Build.0 = Release|Any CPU
	EndGlobalSection
	GlobalSection(SolutionProperties) = preSolution
		HideSolutionNode = FALSE
	EndGlobalSection
	GlobalSection(ExtensibilityGlobals) = postSolution
		SolutionGuid = {6781F307-1551-4701-A8A5-ABCBD7994E0E}
	EndGlobalSection
EndGlobal
