
Microsoft Visual Studio Solution File, Format Version 12.00
# Visual Studio Version 17
VisualStudioVersion = 17.7.34031.279
MinimumVisualStudioVersion = 10.0.40219.1
Project("{FAE04EC0-301F-11D3-BF4B-00C04F79EFBC}") = "CoreWebApplication", "CoreWebApplication.csproj", "{AFC96166-74D3-4C4E-A32B-D352F161FCEC}"
EndProject
Global
	GlobalSection(SolutionConfigurationPlatforms) = preSolution
		Debug|Any CPU = Debug|Any CPU
		Release|Any CPU = Release|Any CPU
	EndGlobalSection
	GlobalSection(ProjectConfigurationPlatforms) = postSolution
		{AFC96166-74D3-4C4E-A32B-D352F161FCEC}.Debug|Any CPU.ActiveCfg = Debug|Any CPU
		{AFC96166-74D3-4C4E-A32B-D352F161FCEC}.Debug|Any CPU.Build.0 = Debug|Any CPU
		{AFC96166-74D3-4C4E-A32B-D352F161FCEC}.Release|Any CPU.ActiveCfg = Release|Any CPU
		{AFC96166-74D3-4C4E-A32B-D352F161FCEC}.Release|Any CPU.Build.0 = Release|Any CPU
	EndGlobalSection
	GlobalSection(SolutionProperties) = preSolution
		HideSolutionNode = FALSE
	EndGlobalSection
	GlobalSection(ExtensibilityGlobals) = postSolution
		SolutionGuid = {BE9ED788-8AB5-41E3-B30A-6938F4A836E5}
	EndGlobalSection
EndGlobal
