
Microsoft Visual Studio Solution File, Format Version 12.00
# Visual Studio Version 17
VisualStudioVersion = 17.7.34031.279
MinimumVisualStudioVersion = 10.0.40219.1
Project("{FAE04EC0-301F-11D3-BF4B-00C04F79EFBC}") = "ADODemos", "ADODemos.csproj", "{AC3BEA55-AFCB-4C4A-84A4-81C0FE561D2E}"
EndProject
Global
	GlobalSection(SolutionConfigurationPlatforms) = preSolution
		Debug|Any CPU = Debug|Any CPU
		Release|Any CPU = Release|Any CPU
	EndGlobalSection
	GlobalSection(ProjectConfigurationPlatforms) = postSolution
		{AC3BEA55-AFCB-4C4A-84A4-81C0FE561D2E}.Debug|Any CPU.ActiveCfg = Debug|Any CPU
		{AC3BEA55-AFCB-4C4A-84A4-81C0FE561D2E}.Debug|Any CPU.Build.0 = Debug|Any CPU
		{AC3BEA55-AFCB-4C4A-84A4-81C0FE561D2E}.Release|Any CPU.ActiveCfg = Release|Any CPU
		{AC3BEA55-AFCB-4C4A-84A4-81C0FE561D2E}.Release|Any CPU.Build.0 = Release|Any CPU
	EndGlobalSection
	GlobalSection(SolutionProperties) = preSolution
		HideSolutionNode = FALSE
	EndGlobalSection
	GlobalSection(ExtensibilityGlobals) = postSolution
		SolutionGuid = {0D0300C8-2162-4B4A-983B-18690B7F74EA}
	EndGlobalSection
EndGlobal
