
Microsoft Visual Studio Solution File, Format Version 12.00
# Visual Studio Version 17
VisualStudioVersion = 17.7.34031.279
MinimumVisualStudioVersion = 10.0.40219.1
Project("{FAE04EC0-301F-11D3-BF4B-00C04F79EFBC}") = "MathServiceLibrary", "MathServiceLibrary\MathServiceLibrary.csproj", "{B4478C35-A850-4522-B044-EE2AA66782BF}"
EndProject
Project("{FAE04EC0-301F-11D3-BF4B-00C04F79EFBC}") = "WindowsFormsClient", "WindowsFormsClient\WindowsFormsClient.csproj", "{89D55DB0-C4FC-4084-B706-9252DDAE22B7}"
EndProject
Project("{FAE04EC0-301F-11D3-BF4B-00C04F79EFBC}") = "WSHostApplication", "WSHostApplication\WSHostApplication.csproj", "{501F5FA3-84C4-4CDA-8D9D-996197128E87}"
EndProject
Global
	GlobalSection(SolutionConfigurationPlatforms) = preSolution
		Debug|Any CPU = Debug|Any CPU
		Release|Any CPU = Release|Any CPU
	EndGlobalSection
	GlobalSection(ProjectConfigurationPlatforms) = postSolution
		{B4478C35-A850-4522-B044-EE2AA66782BF}.Debug|Any CPU.ActiveCfg = Debug|Any CPU
		{B4478C35-A850-4522-B044-EE2AA66782BF}.Debug|Any CPU.Build.0 = Debug|Any CPU
		{B4478C35-A850-4522-B044-EE2AA66782BF}.Release|Any CPU.ActiveCfg = Release|Any CPU
		{B4478C35-A850-4522-B044-EE2AA66782BF}.Release|Any CPU.Build.0 = Release|Any CPU
		{89D55DB0-C4FC-4084-B706-9252DDAE22B7}.Debug|Any CPU.ActiveCfg = Debug|Any CPU
		{89D55DB0-C4FC-4084-B706-9252DDAE22B7}.Debug|Any CPU.Build.0 = Debug|Any CPU
		{89D55DB0-C4FC-4084-B706-9252DDAE22B7}.Release|Any CPU.ActiveCfg = Release|Any CPU
		{89D55DB0-C4FC-4084-B706-9252DDAE22B7}.Release|Any CPU.Build.0 = Release|Any CPU
		{501F5FA3-84C4-4CDA-8D9D-996197128E87}.Debug|Any CPU.ActiveCfg = Debug|Any CPU
		{501F5FA3-84C4-4CDA-8D9D-996197128E87}.Debug|Any CPU.Build.0 = Debug|Any CPU
		{501F5FA3-84C4-4CDA-8D9D-996197128E87}.Release|Any CPU.ActiveCfg = Release|Any CPU
		{501F5FA3-84C4-4CDA-8D9D-996197128E87}.Release|Any CPU.Build.0 = Release|Any CPU
	EndGlobalSection
	GlobalSection(SolutionProperties) = preSolution
		HideSolutionNode = FALSE
	EndGlobalSection
	GlobalSection(ExtensibilityGlobals) = postSolution
		SolutionGuid = {BA86DD41-5CC3-4D65-88A1-7DE72A78355B}
	EndGlobalSection
EndGlobal
